# @generated by Move, please check-in and do not edit manually.

[move]
version = 2
manifest_digest = "517754D98070DB5F7CEB061B9E6E1F67A05D2FCD0FF35A2DB852FC967AB642CB"
deps_digest = "F8BBB0CCB2491CA29A3DF03D6F92277A4F3574266507ACD77214D37ECA3F3082"
dependencies = [
  { name = "Sui" },
]

[[move.package]]
name = "MoveStdlib"
source = { git = "https://github.com/MystenLabs/sui.git", rev = "testnet", subdir = "crates\\sui-framework\\packages\\move-stdlib" }

[[move.package]]
name = "Sui"
source = { git = "https://github.com/MystenLabs/sui.git", rev = "testnet", subdir = "crates/sui-framework/packages/sui-framework" }

dependencies = [
  { name = "MoveStdlib" },
]

[move.toolchain-version]
compiler-version = "1.34.2"
edition = "2024.beta"
flavor = "sui"

[env]

[env.devnet]
chain-id = "19de6b91"
original-published-id = "0x91cc121a7f83d9948981742d7acfed60032657615cc55251f88ca32d4ed1e5ff"
latest-published-id = "0x91cc121a7f83d9948981742d7acfed60032657615cc55251f88ca32d4ed1e5ff"
published-version = "1"

[env.mainnet]
chain-id = "35834a8a"
original-published-id = "0xa9ac245133600c1fe7fe625fa1d906a72972f0e55ae8dd462ca1c910dfc06d55"
latest-published-id = "0xa9ac245133600c1fe7fe625fa1d906a72972f0e55ae8dd462ca1c910dfc06d55"
published-version = "1"
